
Microsoft Visual Studio Solution File, Format Version 12.00
# Visual Studio for Mac
Project("{FAE04EC0-301F-11D3-BF4B-00C04F79EFBC}") = "Assembly-CSharp", "Assembly-CSharp.csproj", "{29DBABDE-C57B-4D18-41E5-CAEC3F3E19BE}"
EndProject
Global
	GlobalSection(SolutionConfigurationPlatforms) = preSolution
		Debug|Any CPU = Debug|Any CPU
		Release|Any CPU = Release|Any CPU
	EndGlobalSection
	GlobalSection(ProjectConfigurationPlatforms) = postSolution
		{29DBABDE-C57B-4D18-41E5-CAEC3F3E19BE}.Debug|Any CPU.ActiveCfg = Debug|Any CPU
		{29DBABDE-C57B-4D18-41E5-CAEC3F3E19BE}.Debug|Any CPU.Build.0 = Debug|Any CPU
		{29DBABDE-C57B-4D18-41E5-CAEC3F3E19BE}.Release|Any CPU.ActiveCfg = Release|Any CPU
		{29DBABDE-C57B-4D18-41E5-CAEC3F3E19BE}.Release|Any CPU.Build.0 = Release|Any CPU
	EndGlobalSection
	GlobalSection(SolutionProperties) = preSolution
		HideSolutionNode = FALSE
	EndGlobalSection
EndGlobal
